
Microsoft Visual Studio Solution File, Format Version 12.00
# Visual Studio Version 17
VisualStudioVersion = 17.3.32825.248
MinimumVisualStudioVersion = 10.0.40219.1
Project("{FAE04EC0-301F-11D3-BF4B-00C04F79EFBC}") = "CarsCD", "CarsCD\CarsCD.csproj", "{B8333C3B-D5BF-4879-BEDE-EF7443C82667}"
EndProject
Global
	GlobalSection(SolutionConfigurationPlatforms) = preSolution
		Debug|Any CPU = Debug|Any CPU
		Release|Any CPU = Release|Any CPU
	EndGlobalSection
	GlobalSection(ProjectConfigurationPlatforms) = postSolution
		{B8333C3B-D5BF-4879-BEDE-EF7443C82667}.Debug|Any CPU.ActiveCfg = Debug|Any CPU
		{B8333C3B-D5BF-4879-BEDE-EF7443C82667}.Debug|Any CPU.Build.0 = Debug|Any CPU
		{B8333C3B-D5BF-4879-BEDE-EF7443C82667}.Release|Any CPU.ActiveCfg = Release|Any CPU
		{B8333C3B-D5BF-4879-BEDE-EF7443C82667}.Release|Any CPU.Build.0 = Release|Any CPU
	EndGlobalSection
	GlobalSection(SolutionProperties) = preSolution
		HideSolutionNode = FALSE
	EndGlobalSection
	GlobalSection(ExtensibilityGlobals) = postSolution
		SolutionGuid = {AC2F2198-E95E-4347-8320-C54CAA57475E}
	EndGlobalSection
EndGlobal
